// !$*UTF8*$!
{
	archiveVersion = 1;
	classes = {
	};
	objectVersion = 56;
	objects = {

/* Begin PBXBuildFile section */
		3BC2BF8C2BD52B5000B6E8FB /* SwiftUIWondersApp.swift in Sources */ = {isa = PBXBuildFile; fileRef = 3BC2BF8B2BD52B5000B6E8FB /* SwiftUIWondersApp.swift */; };
		3BC2BF8E2BD52B5000B6E8FB /* ContentView.swift in Sources */ = {isa = PBXBuildFile; fileRef = 3BC2BF8D2BD52B5000B6E8FB /* ContentView.swift */; };
		3BC2BF902BD52B5100B6E8FB /* Assets.xcassets in Resources */ = {isa = PBXBuildFile; fileRef = 3BC2BF8F2BD52B5100B6E8FB /* Assets.xcassets */; };
		3BC2BF932BD52B5100B6E8FB /* Preview Assets.xcassets in Resources */ = {isa = PBXBuildFile; fileRef = 3BC2BF922BD52B5100B6E8FB /* Preview Assets.xcassets */; };
		3BC2BF9D2BD52B5100B6E8FB /* SwiftUIWondersTests.swift in Sources */ = {isa = PBXBuildFile; fileRef = 3BC2BF9C2BD52B5100B6E8FB /* SwiftUIWondersTests.swift */; };
		3BC2BFA72BD52B5100B6E8FB /* SwiftUIWondersUITests.swift in Sources */ = {isa = PBXBuildFile; fileRef = 3BC2BFA62BD52B5100B6E8FB /* SwiftUIWondersUITests.swift */; };
		3BC2BFA92BD52B5100B6E8FB /* SwiftUIWondersUITestsLaunchTests.swift in Sources */ = {isa = PBXBuildFile; fileRef = 3BC2BFA82BD52B5100B6E8FB /* SwiftUIWondersUITestsLaunchTests.swift */; };
/* End PBXBuildFile section */

/* Begin PBXContainerItemProxy section */
		3BC2BF992BD52B5100B6E8FB /* PBXContainerItemProxy */ = {
			isa = PBXContainerItemProxy;
			containerPortal = 3BC2BF802BD52B5000B6E8FB /* Project object */;
			proxyType = 1;
			remoteGlobalIDString = 3BC2BF872BD52B5000B6E8FB;
			remoteInfo = SwiftUIWonders;
		};
		3BC2BFA32BD52B5100B6E8FB /* PBXContainerItemProxy */ = {
			isa = PBXContainerItemProxy;
			containerPortal = 3BC2BF802BD52B5000B6E8FB /* Project object */;
			proxyType = 1;
			remoteGlobalIDString = 3BC2BF872BD52B5000B6E8FB;
			remoteInfo = SwiftUIWonders;
		};
/* End PBXContainerItemProxy section */

/* Begin PBXFileReference section */
		3BC2BF882BD52B5000B6E8FB /* SwiftUIWonders.app */ = {isa = PBXFileReference; explicitFileType = wrapper.application; includeInIndex = 0; path = SwiftUIWonders.app; sourceTree = BUILT_PRODUCTS_DIR; };
		3BC2BF8B2BD52B5000B6E8FB /* SwiftUIWondersApp.swift */ = {isa = PBXFileReference; lastKnownFileType = sourcecode.swift; path = SwiftUIWondersApp.swift; sourceTree = "<group>"; };
		3BC2BF8D2BD52B5000B6E8FB /* ContentView.swift */ = {isa = PBXFileReference; lastKnownFileType = sourcecode.swift; path = ContentView.swift; sourceTree = "<group>"; };
		3BC2BF8F2BD52B5100B6E8FB /* Assets.xcassets */ = {isa = PBXFileReference; lastKnownFileType = folder.assetcatalog; path = Assets.xcassets; sourceTree = "<group>"; };
		3BC2BF922BD52B5100B6E8FB /* Preview Assets.xcassets */ = {isa = PBXFileReference; lastKnownFileType = folder.assetcatalog; path = "Preview Assets.xcassets"; sourceTree = "<group>"; };
		3BC2BF982BD52B5100B6E8FB /* SwiftUIWondersTests.xctest */ = {isa = PBXFileReference; explicitFileType = wrapper.cfbundle; includeInIndex = 0; path = SwiftUIWondersTests.xctest; sourceTree = BUILT_PRODUCTS_DIR; };
		3BC2BF9C2BD52B5100B6E8FB /* SwiftUIWondersTests.swift */ = {isa = PBXFileReference; lastKnownFileType = sourcecode.swift; path = SwiftUIWondersTests.swift; sourceTree = "<group>"; };
		3BC2BFA22BD52B5100B6E8FB /* SwiftUIWondersUITests.xctest */ = {isa = PBXFileReference; explicitFileType = wrapper.cfbundle; includeInIndex = 0; path = SwiftUIWondersUITests.xctest; sourceTree = BUILT_PRODUCTS_DIR; };
		3BC2BFA62BD52B5100B6E8FB /* SwiftUIWondersUITests.swift */ = {isa = PBXFileReference; lastKnownFileType = sourcecode.swift; path = SwiftUIWondersUITests.swift; sourceTree = "<group>"; };
		3BC2BFA82BD52B5100B6E8FB /* SwiftUIWondersUITestsLaunchTests.swift */ = {isa = PBXFileReference; lastKnownFileType = sourcecode.swift; path = SwiftUIWondersUITestsLaunchTests.swift; sourceTree = "<group>"; };
/* End PBXFileReference section */

/* Begin PBXFrameworksBuildPhase section */
		3BC2BF852BD52B5000B6E8FB /* Frameworks */ = {
			isa = PBXFrameworksBuildPhase;
			buildActionMask = 2147483647;
			files = (
			);
			runOnlyForDeploymentPostprocessing = 0;
		};
		3BC2BF952BD52B5100B6E8FB /* Frameworks */ = {
			isa = PBXFrameworksBuildPhase;
			buildActionMask = 2147483647;
			files = (
			);
			runOnlyForDeploymentPostprocessing = 0;
		};
		3BC2BF9F2BD52B5100B6E8FB /* Frameworks */ = {
			isa = PBXFrameworksBuildPhase;
			buildActionMask = 2147483647;
			files = (
			);
			runOnlyForDeploymentPostprocessing = 0;
		};
/* End PBXFrameworksBuildPhase section */

/* Begin PBXGroup section */
		3BC2BF7F2BD52B5000B6E8FB = {
			isa = PBXGroup;
			children = (
				3BC2BF8A2BD52B5000B6E8FB /* SwiftUIWonders */,
				3BC2BF9B2BD52B5100B6E8FB /* SwiftUIWondersTests */,
				3BC2BFA52BD52B5100B6E8FB /* SwiftUIWondersUITests */,
				3BC2BF892BD52B5000B6E8FB /* Products */,
			);
			sourceTree = "<group>";
		};
		3BC2BF892BD52B5000B6E8FB /* Products */ = {
			isa = PBXGroup;
			children = (
				3BC2BF882BD52B5000B6E8FB /* SwiftUIWonders.app */,
				3BC2BF982BD52B5100B6E8FB /* SwiftUIWondersTests.xctest */,
				3BC2BFA22BD52B5100B6E8FB /* SwiftUIWondersUITests.xctest */,
			);
			name = Products;
			sourceTree = "<group>";
		};
		3BC2BF8A2BD52B5000B6E8FB /* SwiftUIWonders */ = {
			isa = PBXGroup;
			children = (
				3BC2BF8B2BD52B5000B6E8FB /* SwiftUIWondersApp.swift */,
				3BC2BF8D2BD52B5000B6E8FB /* ContentView.swift */,
				3BC2BF8F2BD52B5100B6E8FB /* Assets.xcassets */,
				3BC2BF912BD52B5100B6E8FB /* Preview Content */,
			);
			path = SwiftUIWonders;
			sourceTree = "<group>";
		};
		3BC2BF912BD52B5100B6E8FB /* Preview Content */ = {
			isa = PBXGroup;
			children = (
				3BC2BF922BD52B5100B6E8FB /* Preview Assets.xcassets */,
			);
			path = "Preview Content";
			sourceTree = "<group>";
		};
		3BC2BF9B2BD52B5100B6E8FB /* SwiftUIWondersTests */ = {
			isa = PBXGroup;
			children = (
				3BC2BF9C2BD52B5100B6E8FB /* SwiftUIWondersTests.swift */,
			);
			path = SwiftUIWondersTests;
			sourceTree = "<group>";
		};
		3BC2BFA52BD52B5100B6E8FB /* SwiftUIWondersUITests */ = {
			isa = PBXGroup;
			children = (
				3BC2BFA62BD52B5100B6E8FB /* SwiftUIWondersUITests.swift */,
				3BC2BFA82BD52B5100B6E8FB /* SwiftUIWondersUITestsLaunchTests.swift */,
			);
			path = SwiftUIWondersUITests;
			sourceTree = "<group>";
		};
/* End PBXGroup section */

/* Begin PBXNativeTarget section */
		3BC2BF872BD52B5000B6E8FB /* SwiftUIWonders */ = {
			isa = PBXNativeTarget;
			buildConfigurationList = 3BC2BFAC2BD52B5100B6E8FB /* Build configuration list for PBXNativeTarget "SwiftUIWonders" */;
			buildPhases = (
				3BC2BF842BD52B5000B6E8FB /* Sources */,
				3BC2BF852BD52B5000B6E8FB /* Frameworks */,
				3BC2BF862BD52B5000B6E8FB /* Resources */,
			);
			buildRules = (
			);
			dependencies = (
			);
			name = SwiftUIWonders;
			productName = SwiftUIWonders;
			productReference = 3BC2BF882BD52B5000B6E8FB /* SwiftUIWonders.app */;
			productType = "com.apple.product-type.application";
		};
		3BC2BF972BD52B5100B6E8FB /* SwiftUIWondersTests */ = {
			isa = PBXNativeTarget;
			buildConfigurationList = 3BC2BFAF2BD52B5100B6E8FB /* Build configuration list for PBXNativeTarget "SwiftUIWondersTests" */;
			buildPhases = (
				3BC2BF942BD52B5100B6E8FB /* Sources */,
				3BC2BF952BD52B5100B6E8FB /* Frameworks */,
				3BC2BF962BD52B5100B6E8FB /* Resources */,
			);
			buildRules = (
			);
			dependencies = (
				3BC2BF9A2BD52B5100B6E8FB /* PBXTargetDependency */,
			);
			name = SwiftUIWondersTests;
			productName = SwiftUIWondersTests;
			productReference = 3BC2BF982BD52B5100B6E8FB /* SwiftUIWondersTests.xctest */;
			productType = "com.apple.product-type.bundle.unit-test";
		};
		3BC2BFA12BD52B5100B6E8FB /* SwiftUIWondersUITests */ = {
			isa = PBXNativeTarget;
			buildConfigurationList = 3BC2BFB22BD52B5100B6E8FB /* Build configuration list for PBXNativeTarget "SwiftUIWondersUITests" */;
			buildPhases = (
				3BC2BF9E2BD52B5100B6E8FB /* Sources */,
				3BC2BF9F2BD52B5100B6E8FB /* Frameworks */,
				3BC2BFA02BD52B5100B6E8FB /* Resources */,
			);
			buildRules = (
			);
			dependencies = (
				3BC2BFA42BD52B5100B6E8FB /* PBXTargetDependency */,
			);
			name = SwiftUIWondersUITests;
			productName = SwiftUIWondersUITests;
			productReference = 3BC2BFA22BD52B5100B6E8FB /* SwiftUIWondersUITests.xctest */;
			productType = "com.apple.product-type.bundle.ui-testing";
		};
/* End PBXNativeTarget section */

/* Begin PBXProject section */
		3BC2BF802BD52B5000B6E8FB /* Project object */ = {
			isa = PBXProject;
			attributes = {
				BuildIndependentTargetsInParallel = 1;
				LastSwiftUpdateCheck = 1500;
				LastUpgradeCheck = 1500;
				TargetAttributes = {
					3BC2BF872BD52B5000B6E8FB = {
						CreatedOnToolsVersion = 15.0.1;
					};
					3BC2BF972BD52B5100B6E8FB = {
						CreatedOnToolsVersion = 15.0.1;
						TestTargetID = 3BC2BF872BD52B5000B6E8FB;
					};
					3BC2BFA12BD52B5100B6E8FB = {
						CreatedOnToolsVersion = 15.0.1;
						TestTargetID = 3BC2BF872BD52B5000B6E8FB;
					};
				};
			};
			buildConfigurationList = 3BC2BF832BD52B5000B6E8FB /* Build configuration list for PBXProject "SwiftUIWonders" */;
			compatibilityVersion = "Xcode 14.0";
			developmentRegion = en;
			hasScannedForEncodings = 0;
			knownRegions = (
				en,
				Base,
			);
			mainGroup = 3BC2BF7F2BD52B5000B6E8FB;
			productRefGroup = 3BC2BF892BD52B5000B6E8FB /* Products */;
			projectDirPath = "";
			projectRoot = "";
			targets = (
				3BC2BF872BD52B5000B6E8FB /* SwiftUIWonders */,
				3BC2BF972BD52B5100B6E8FB /* SwiftUIWondersTests */,
				3BC2BFA12BD52B5100B6E8FB /* SwiftUIWondersUITests */,
			);
		};
/* End PBXProject section */

/* Begin PBXResourcesBuildPhase section */
		3BC2BF862BD52B5000B6E8FB /* Resources */ = {
			isa = PBXResourcesBuildPhase;
			buildActionMask = 2147483647;
			files = (
				3BC2BF932BD52B5100B6E8FB /* Preview Assets.xcassets in Resources */,
				3BC2BF902BD52B5100B6E8FB /* Assets.xcassets in Resources */,
			);
			runOnlyForDeploymentPostprocessing = 0;
		};
		3BC2BF962BD52B5100B6E8FB /* Resources */ = {
			isa = PBXResourcesBuildPhase;
			buildActionMask = 2147483647;
			files = (
			);
			runOnlyForDeploymentPostprocessing = 0;
		};
		3BC2BFA02BD52B5100B6E8FB /* Resources */ = {
			isa = PBXResourcesBuildPhase;
			buildActionMask = 2147483647;
			files = (
			);
			runOnlyForDeploymentPostprocessing = 0;
		};
/* End PBXResourcesBuildPhase section */

/* Begin PBXSourcesBuildPhase section */
		3BC2BF842BD52B5000B6E8FB /* Sources */ = {
			isa = PBXSourcesBuildPhase;
			buildActionMask = 2147483647;
			files = (
				3BC2BF8E2BD52B5000B6E8FB /* ContentView.swift in Sources */,
				3BC2BF8C2BD52B5000B6E8FB /* SwiftUIWondersApp.swift in Sources */,
			);
			runOnlyForDeploymentPostprocessing = 0;
		};
		3BC2BF942BD52B5100B6E8FB /* Sources */ = {
			isa = PBXSourcesBuildPhase;
			buildActionMask = 2147483647;
			files = (
				3BC2BF9D2BD52B5100B6E8FB /* SwiftUIWondersTests.swift in Sources */,
			);
			runOnlyForDeploymentPostprocessing = 0;
		};
		3BC2BF9E2BD52B5100B6E8FB /* Sources */ = {
			isa = PBXSourcesBuildPhase;
			buildActionMask = 2147483647;
			files = (
				3BC2BFA72BD52B5100B6E8FB /* SwiftUIWondersUITests.swift in Sources */,
				3BC2BFA92BD52B5100B6E8FB /* SwiftUIWondersUITestsLaunchTests.swift in Sources */,
			);
			runOnlyForDeploymentPostprocessing = 0;
		};
/* End PBXSourcesBuildPhase section */

/* Begin PBXTargetDependency section */
		3BC2BF9A2BD52B5100B6E8FB /* PBXTargetDependency */ = {
			isa = PBXTargetDependency;
			target = 3BC2BF872BD52B5000B6E8FB /* SwiftUIWonders */;
			targetProxy = 3BC2BF992BD52B5100B6E8FB /* PBXContainerItemProxy */;
		};
		3BC2BFA42BD52B5100B6E8FB /* PBXTargetDependency */ = {
			isa = PBXTargetDependency;
			target = 3BC2BF872BD52B5000B6E8FB /* SwiftUIWonders */;
			targetProxy = 3BC2BFA32BD52B5100B6E8FB /* PBXContainerItemProxy */;
		};
/* End PBXTargetDependency section */

/* Begin XCBuildConfiguration section */
		3BC2BFAA2BD52B5100B6E8FB /* Debug */ = {
			isa = XCBuildConfiguration;
			buildSettings = {
				ALWAYS_SEARCH_USER_PATHS = NO;
				ASSETCATALOG_COMPILER_GENERATE_SWIFT_ASSET_SYMBOL_EXTENSIONS = YES;
				CLANG_ANALYZER_NONNULL = YES;
				CLANG_ANALYZER_NUMBER_OBJECT_CONVERSION = YES_AGGRESSIVE;
				CLANG_CXX_LANGUAGE_STANDARD = "gnu++20";
				CLANG_ENABLE_MODULES = YES;
				CLANG_ENABLE_OBJC_ARC = YES;
				CLANG_ENABLE_OBJC_WEAK = YES;
				CLANG_WARN_BLOCK_CAPTURE_AUTORELEASING = YES;
				CLANG_WARN_BOOL_CONVERSION = YES;
				CLANG_WARN_COMMA = YES;
				CLANG_WARN_CONSTANT_CONVERSION = YES;
				CLANG_WARN_DEPRECATED_OBJC_IMPLEMENTATIONS = YES;
				CLANG_WARN_DIRECT_OBJC_ISA_USAGE = YES_ERROR;
				CLANG_WARN_DOCUMENTATION_COMMENTS = YES;
				CLANG_WARN_EMPTY_BODY = YES;
				CLANG_WARN_ENUM_CONVERSION = YES;
				CLANG_WARN_INFINITE_RECURSION = YES;
				CLANG_WARN_INT_CONVERSION = YES;
				CLANG_WARN_NON_LITERAL_NULL_CONVERSION = YES;
				CLANG_WARN_OBJC_IMPLICIT_RETAIN_SELF = YES;
				CLANG_WARN_OBJC_LITERAL_CONVERSION = YES;
				CLANG_WARN_OBJC_ROOT_CLASS = YES_ERROR;
				CLANG_WARN_QUOTED_INCLUDE_IN_FRAMEWORK_HEADER = YES;
				CLANG_WARN_RANGE_LOOP_ANALYSIS = YES;
				CLANG_WARN_STRICT_PROTOTYPES = YES;
				CLANG_WARN_SUSPICIOUS_MOVE = YES;
				CLANG_WARN_UNGUARDED_AVAILABILITY = YES_AGGRESSIVE;
				CLANG_WARN_UNREACHABLE_CODE = YES;
				CLANG_WARN__DUPLICATE_METHOD_MATCH = YES;
				COPY_PHASE_STRIP = NO;
				DEBUG_INFORMATION_FORMAT = dwarf;
				ENABLE_STRICT_OBJC_MSGSEND = YES;
				ENABLE_TESTABILITY = YES;
				ENABLE_USER_SCRIPT_SANDBOXING = YES;
				GCC_C_LANGUAGE_STANDARD = gnu17;
				GCC_DYNAMIC_NO_PIC = NO;
				GCC_NO_COMMON_BLOCKS = YES;
				GCC_OPTIMIZATION_LEVEL = 0;
				GCC_PREPROCESSOR_DEFINITIONS = (
					"DEBUG=1",
					"$(inherited)",
				);
				GCC_WARN_64_TO_32_BIT_CONVERSION = YES;
				GCC_WARN_ABOUT_RETURN_TYPE = YES_ERROR;
				GCC_WARN_UNDECLARED_SELECTOR = YES;
				GCC_WARN_UNINITIALIZED_AUTOS = YES_AGGRESSIVE;
				GCC_WARN_UNUSED_FUNCTION = YES;
				GCC_WARN_UNUSED_VARIABLE = YES;
				IPHONEOS_DEPLOYMENT_TARGET = 17.0;
				LOCALIZATION_PREFERS_STRING_CATALOGS = YES;
				MTL_ENABLE_DEBUG_INFO = INCLUDE_SOURCE;
				MTL_FAST_MATH = YES;
				ONLY_ACTIVE_ARCH = YES;
				SDKROOT = iphoneos;
				SWIFT_ACTIVE_COMPILATION_CONDITIONS = "DEBUG $(inherited)";
				SWIFT_OPTIMIZATION_LEVEL = "-Onone";
			};
			name = Debug;
		};
		3BC2BFAB2BD52B5100B6E8FB /* Release */ = {
			isa = XCBuildConfiguration;
			buildSettings = {
				ALWAYS_SEARCH_USER_PATHS = NO;
				ASSETCATALOG_COMPILER_GENERATE_SWIFT_ASSET_SYMBOL_EXTENSIONS = YES;
				CLANG_ANALYZER_NONNULL = YES;
				CLANG_ANALYZER_NUMBER_OBJECT_CONVERSION = YES_AGGRESSIVE;
				CLANG_CXX_LANGUAGE_STANDARD = "gnu++20";
				CLANG_ENABLE_MODULES = YES;
				CLANG_ENABLE_OBJC_ARC = YES;
				CLANG_ENABLE_OBJC_WEAK = YES;
				CLANG_WARN_BLOCK_CAPTURE_AUTORELEASING = YES;
				CLANG_WARN_BOOL_CONVERSION = YES;
				CLANG_WARN_COMMA = YES;
				CLANG_WARN_CONSTANT_CONVERSION = YES;
				CLANG_WARN_DEPRECATED_OBJC_IMPLEMENTATIONS = YES;
				CLANG_WARN_DIRECT_OBJC_ISA_USAGE = YES_ERROR;
				CLANG_WARN_DOCUMENTATION_COMMENTS = YES;
				CLANG_WARN_EMPTY_BODY = YES;
				CLANG_WARN_ENUM_CONVERSION = YES;
				CLANG_WARN_INFINITE_RECURSION = YES;
				CLANG_WARN_INT_CONVERSION = YES;
				CLANG_WARN_NON_LITERAL_NULL_CONVERSION = YES;
				CLANG_WARN_OBJC_IMPLICIT_RETAIN_SELF = YES;
				CLANG_WARN_OBJC_LITERAL_CONVERSION = YES;
				CLANG_WARN_OBJC_ROOT_CLASS = YES_ERROR;
				CLANG_WARN_QUOTED_INCLUDE_IN_FRAMEWORK_HEADER = YES;
				CLANG_WARN_RANGE_LOOP_ANALYSIS = YES;
				CLANG_WARN_STRICT_PROTOTYPES = YES;
				CLANG_WARN_SUSPICIOUS_MOVE = YES;
				CLANG_WARN_UNGUARDED_AVAILABILITY = YES_AGGRESSIVE;
				CLANG_WARN_UNREACHABLE_CODE = YES;
				CLANG_WARN__DUPLICATE_METHOD_MATCH = YES;
				COPY_PHASE_STRIP = NO;
				DEBUG_INFORMATION_FORMAT = "dwarf-with-dsym";
				ENABLE_NS_ASSERTIONS = NO;
				ENABLE_STRICT_OBJC_MSGSEND = YES;
				ENABLE_USER_SCRIPT_SANDBOXING = YES;
				GCC_C_LANGUAGE_STANDARD = gnu17;
				GCC_NO_COMMON_BLOCKS = YES;
				GCC_WARN_64_TO_32_BIT_CONVERSION = YES;
				GCC_WARN_ABOUT_RETURN_TYPE = YES_ERROR;
				GCC_WARN_UNDECLARED_SELECTOR = YES;
				GCC_WARN_UNINITIALIZED_AUTOS = YES_AGGRESSIVE;
				GCC_WARN_UNUSED_FUNCTION = YES;
				GCC_WARN_UNUSED_VARIABLE = YES;
				IPHONEOS_DEPLOYMENT_TARGET = 17.0;
				LOCALIZATION_PREFERS_STRING_CATALOGS = YES;
				MTL_ENABLE_DEBUG_INFO = NO;
				MTL_FAST_MATH = YES;
				SDKROOT = iphoneos;
				SWIFT_COMPILATION_MODE = wholemodule;
				VALIDATE_PRODUCT = YES;
			};
			name = Release;
		};
		3BC2BFAD2BD52B5100B6E8FB /* Debug */ = {
			isa = XCBuildConfiguration;
			buildSettings = {
				ASSETCATALOG_COMPILER_APPICON_NAME = AppIcon;
				ASSETCATALOG_COMPILER_GLOBAL_ACCENT_COLOR_NAME = AccentColor;
				CODE_SIGN_STYLE = Automatic;
				CURRENT_PROJECT_VERSION = 1;
				DEVELOPMENT_ASSET_PATHS = "\"SwiftUIWonders/Preview Content\"";
				DEVELOPMENT_TEAM = U6FV5X29AZ;
				ENABLE_PREVIEWS = YES;
				GENERATE_INFOPLIST_FILE = YES;
				INFOPLIST_KEY_UIApplicationSceneManifest_Generation = YES;
				INFOPLIST_KEY_UIApplicationSupportsIndirectInputEvents = YES;
				INFOPLIST_KEY_UILaunchScreen_Generation = YES;
				INFOPLIST_KEY_UISupportedInterfaceOrientations_iPad = "UIInterfaceOrientationPortrait UIInterfaceOrientationPortraitUpsideDown UIInterfaceOrientationLandscapeLeft UIInterfaceOrientationLandscapeRight";
				INFOPLIST_KEY_UISupportedInterfaceOrientations_iPhone = "UIInterfaceOrientationPortrait UIInterfaceOrientationLandscapeLeft UIInterfaceOrientationLandscapeRight";
				LD_RUNPATH_SEARCH_PATHS = (
					"$(inherited)",
					"@executable_path/Frameworks",
				);
				MARKETING_VERSION = 1.0;
				PRODUCT_BUNDLE_IDENTIFIER = testsubs.com.2196.SwiftUIWonders;
				PRODUCT_NAME = "$(TARGET_NAME)";
				SWIFT_EMIT_LOC_STRINGS = YES;
				SWIFT_VERSION = 5.0;
				TARGETED_DEVICE_FAMILY = "1,2";
			};
			name = Debug;
		};
		3BC2BFAE2BD52B5100B6E8FB /* Release */ = {
			isa = XCBuildConfiguration;
			buildSettings = {
				ASSETCATALOG_COMPILER_APPICON_NAME = AppIcon;
				ASSETCATALOG_COMPILER_GLOBAL_ACCENT_COLOR_NAME = AccentColor;
				CODE_SIGN_STYLE = Automatic;
				CURRENT_PROJECT_VERSION = 1;
				DEVELOPMENT_ASSET_PATHS = "\"SwiftUIWonders/Preview Content\"";
				DEVELOPMENT_TEAM = U6FV5X29AZ;
				ENABLE_PREVIEWS = YES;
				GENERATE_INFOPLIST_FILE = YES;
				INFOPLIST_KEY_UIApplicationSceneManifest_Generation = YES;
				INFOPLIST_KEY_UIApplicationSupportsIndirectInputEvents = YES;
				INFOPLIST_KEY_UILaunchScreen_Generation = YES;
				INFOPLIST_KEY_UISupportedInterfaceOrientations_iPad = "UIInterfaceOrientationPortrait UIInterfaceOrientationPortraitUpsideDown UIInterfaceOrientationLandscapeLeft UIInterfaceOrientationLandscapeRight";
				INFOPLIST_KEY_UISupportedInterfaceOrientations_iPhone = "UIInterfaceOrientationPortrait UIInterfaceOrientationLandscapeLeft UIInterfaceOrientationLandscapeRight";
				LD_RUNPATH_SEARCH_PATHS = (
					"$(inherited)",
					"@executable_path/Frameworks",
				);
				MARKETING_VERSION = 1.0;
				PRODUCT_BUNDLE_IDENTIFIER = testsubs.com.2196.SwiftUIWonders;
				PRODUCT_NAME = "$(TARGET_NAME)";
				SWIFT_EMIT_LOC_STRINGS = YES;
				SWIFT_VERSION = 5.0;
				TARGETED_DEVICE_FAMILY = "1,2";
			};
			name = Release;
		};
		3BC2BFB02BD52B5100B6E8FB /* Debug */ = {
			isa = XCBuildConfiguration;
			buildSettings = {
				ALWAYS_EMBED_SWIFT_STANDARD_LIBRARIES = YES;
				BUNDLE_LOADER = "$(TEST_HOST)";
				CODE_SIGN_STYLE = Automatic;
				CURRENT_PROJECT_VERSION = 1;
				DEVELOPMENT_TEAM = U6FV5X29AZ;
				GENERATE_INFOPLIST_FILE = YES;
				IPHONEOS_DEPLOYMENT_TARGET = 17.0;
				MARKETING_VERSION = 1.0;
				PRODUCT_BUNDLE_IDENTIFIER = testsubs.com.2196.SwiftUIWondersTests;
				PRODUCT_NAME = "$(TARGET_NAME)";
				SWIFT_EMIT_LOC_STRINGS = NO;
				SWIFT_VERSION = 5.0;
				TARGETED_DEVICE_FAMILY = "1,2";
				TEST_HOST = "$(BUILT_PRODUCTS_DIR)/SwiftUIWonders.app/$(BUNDLE_EXECUTABLE_FOLDER_PATH)/SwiftUIWonders";
			};
			name = Debug;
		};
		3BC2BFB12BD52B5100B6E8FB /* Release */ = {
			isa = XCBuildConfiguration;
			buildSettings = {
				ALWAYS_EMBED_SWIFT_STANDARD_LIBRARIES = YES;
				BUNDLE_LOADER = "$(TEST_HOST)";
				CODE_SIGN_STYLE = Automatic;
				CURRENT_PROJECT_VERSION = 1;
				DEVELOPMENT_TEAM = U6FV5X29AZ;
				GENERATE_INFOPLIST_FILE = YES;
				IPHONEOS_DEPLOYMENT_TARGET = 17.0;
				MARKETING_VERSION = 1.0;
				PRODUCT_BUNDLE_IDENTIFIER = testsubs.com.2196.SwiftUIWondersTests;
				PRODUCT_NAME = "$(TARGET_NAME)";
				SWIFT_EMIT_LOC_STRINGS = NO;
				SWIFT_VERSION = 5.0;
				TARGETED_DEVICE_FAMILY = "1,2";
				TEST_HOST = "$(BUILT_PRODUCTS_DIR)/SwiftUIWonders.app/$(BUNDLE_EXECUTABLE_FOLDER_PATH)/SwiftUIWonders";
			};
			name = Release;
		};
		3BC2BFB32BD52B5100B6E8FB /* Debug */ = {
			isa = XCBuildConfiguration;
			buildSettings = {
				ALWAYS_EMBED_SWIFT_STANDARD_LIBRARIES = YES;
				CODE_SIGN_STYLE = Automatic;
				CURRENT_PROJECT_VERSION = 1;
				DEVELOPMENT_TEAM = U6FV5X29AZ;
				GENERATE_INFOPLIST_FILE = YES;
				MARKETING_VERSION = 1.0;
				PRODUCT_BUNDLE_IDENTIFIER = testsubs.com.2196.SwiftUIWondersUITests;
				PRODUCT_NAME = "$(TARGET_NAME)";
				SWIFT_EMIT_LOC_STRINGS = NO;
				SWIFT_VERSION = 5.0;
				TARGETED_DEVICE_FAMILY = "1,2";
				TEST_TARGET_NAME = SwiftUIWonders;
			};
			name = Debug;
		};
		3BC2BFB42BD52B5100B6E8FB /* Release */ = {
			isa = XCBuildConfiguration;
			buildSettings = {
				ALWAYS_EMBED_SWIFT_STANDARD_LIBRARIES = YES;
				CODE_SIGN_STYLE = Automatic;
				CURRENT_PROJECT_VERSION = 1;
				DEVELOPMENT_TEAM = U6FV5X29AZ;
				GENERATE_INFOPLIST_FILE = YES;
				MARKETING_VERSION = 1.0;
				PRODUCT_BUNDLE_IDENTIFIER = testsubs.com.2196.SwiftUIWondersUITests;
				PRODUCT_NAME = "$(TARGET_NAME)";
				SWIFT_EMIT_LOC_STRINGS = NO;
				SWIFT_VERSION = 5.0;
				TARGETED_DEVICE_FAMILY = "1,2";
				TEST_TARGET_NAME = SwiftUIWonders;
			};
			name = Release;
		};
/* End XCBuildConfiguration section */

/* Begin XCConfigurationList section */
		3BC2BF832BD52B5000B6E8FB /* Build configuration list for PBXProject "SwiftUIWonders" */ = {
			isa = XCConfigurationList;
			buildConfigurations = (
				3BC2BFAA2BD52B5100B6E8FB /* Debug */,
				3BC2BFAB2BD52B5100B6E8FB /* Release */,
			);
			defaultConfigurationIsVisible = 0;
			defaultConfigurationName = Release;
		};
		3BC2BFAC2BD52B5100B6E8FB /* Build configuration list for PBXNativeTarget "SwiftUIWonders" */ = {
			isa = XCConfigurationList;
			buildConfigurations = (
				3BC2BFAD2BD52B5100B6E8FB /* Debug */,
				3BC2BFAE2BD52B5100B6E8FB /* Release */,
			);
			defaultConfigurationIsVisible = 0;
			defaultConfigurationName = Release;
		};
		3BC2BFAF2BD52B5100B6E8FB /* Build configuration list for PBXNativeTarget "SwiftUIWondersTests" */ = {
			isa = XCConfigurationList;
			buildConfigurations = (
				3BC2BFB02BD52B5100B6E8FB /* Debug */,
				3BC2BFB12BD52B5100B6E8FB /* Release */,
			);
			defaultConfigurationIsVisible = 0;
			defaultConfigurationName = Release;
		};
		3BC2BFB22BD52B5100B6E8FB /* Build configuration list for PBXNativeTarget "SwiftUIWondersUITests" */ = {
			isa = XCConfigurationList;
			buildConfigurations = (
				3BC2BFB32BD52B5100B6E8FB /* Debug */,
				3BC2BFB42BD52B5100B6E8FB /* Release */,
			);
			defaultConfigurationIsVisible = 0;
			defaultConfigurationName = Release;
		};
/* End XCConfigurationList section */
	};
	rootObject = 3BC2BF802BD52B5000B6E8FB /* Project object */;
}
